// !$*UTF8*$!
{
	archiveVersion = 1;
	classes = {
	};
	objectVersion = 46;
	objects = {

/* Begin PBXBuildFile section */
		2EBA3BEB1C4D9E16005C0D76 /* AppDelegate.swift in Sources */ = {isa = PBXBuildFile; fileRef = 2EBA3BEA1C4D9E16005C0D76 /* AppDelegate.swift */; };
		2EBA3BED1C4D9E16005C0D76 /* GameScene.sks in Resources */ = {isa = PBXBuildFile; fileRef = 2EBA3BEC1C4D9E16005C0D76 /* GameScene.sks */; };
		2EBA3BEF1C4D9E16005C0D76 /* GameScene.swift in Sources */ = {isa = PBXBuildFile; fileRef = 2EBA3BEE1C4D9E16005C0D76 /* GameScene.swift */; };
		2EBA3BF11C4D9E16005C0D76 /* GameViewController.swift in Sources */ = {isa = PBXBuildFile; fileRef = 2EBA3BF01C4D9E16005C0D76 /* GameViewController.swift */; };
		2EBA3BF41C4D9E16005C0D76 /* Main.storyboard in Resources */ = {isa = PBXBuildFile; fileRef = 2EBA3BF21C4D9E16005C0D76 /* Main.storyboard */; };
		2EBA3BF61C4D9E16005C0D76 /* Assets.xcassets in Resources */ = {isa = PBXBuildFile; fileRef = 2EBA3BF51C4D9E16005C0D76 /* Assets.xcassets */; };
		2EBA3BF91C4D9E16005C0D76 /* LaunchScreen.storyboard in Resources */ = {isa = PBXBuildFile; fileRef = 2EBA3BF71C4D9E16005C0D76 /* LaunchScreen.storyboard */; };
		2EBA3C041C4D9E16005C0D76 /* Sierra_ValleyTests.swift in Sources */ = {isa = PBXBuildFile; fileRef = 2EBA3C031C4D9E16005C0D76 /* Sierra_ValleyTests.swift */; };
		2EBA3C0F1C4D9E16005C0D76 /* Sierra_ValleyUITests.swift in Sources */ = {isa = PBXBuildFile; fileRef = 2EBA3C0E1C4D9E16005C0D76 /* Sierra_ValleyUITests.swift */; };
		2EBA3C1D1C4DA9FD005C0D76 /* GradientBackgroundView.swift in Sources */ = {isa = PBXBuildFile; fileRef = 2EBA3C1C1C4DA9FD005C0D76 /* GradientBackgroundView.swift */; };
		2EBA3C1F1C4DB588005C0D76 /* UIColor+Extensions.swift in Sources */ = {isa = PBXBuildFile; fileRef = 2EBA3C1E1C4DB588005C0D76 /* UIColor+Extensions.swift */; };
/* End PBXBuildFile section */

/* Begin PBXContainerItemProxy section */
		2EBA3C001C4D9E16005C0D76 /* PBXContainerItemProxy */ = {
			isa = PBXContainerItemProxy;
			containerPortal = 2EBA3BDF1C4D9E16005C0D76 /* Project object */;
			proxyType = 1;
			remoteGlobalIDString = 2EBA3BE61C4D9E16005C0D76;
			remoteInfo = "Sierra Valley";
		};
		2EBA3C0B1C4D9E16005C0D76 /* PBXContainerItemProxy */ = {
			isa = PBXContainerItemProxy;
			containerPortal = 2EBA3BDF1C4D9E16005C0D76 /* Project object */;
			proxyType = 1;
			remoteGlobalIDString = 2EBA3BE61C4D9E16005C0D76;
			remoteInfo = "Sierra Valley";
		};
/* End PBXContainerItemProxy section */

/* Begin PBXFileReference section */
		2EBA3BE71C4D9E16005C0D76 /* Sierra Valley.app */ = {isa = PBXFileReference; explicitFileType = wrapper.application; includeInIndex = 0; path = "Sierra Valley.app"; sourceTree = BUILT_PRODUCTS_DIR; };
		2EBA3BEA1C4D9E16005C0D76 /* AppDelegate.swift */ = {isa = PBXFileReference; lastKnownFileType = sourcecode.swift; path = AppDelegate.swift; sourceTree = "<group>"; };
		2EBA3BEC1C4D9E16005C0D76 /* GameScene.sks */ = {isa = PBXFileReference; lastKnownFileType = file.sks; path = GameScene.sks; sourceTree = "<group>"; };
		2EBA3BEE1C4D9E16005C0D76 /* GameScene.swift */ = {isa = PBXFileReference; lastKnownFileType = sourcecode.swift; path = GameScene.swift; sourceTree = "<group>"; };
		2EBA3BF01C4D9E16005C0D76 /* GameViewController.swift */ = {isa = PBXFileReference; lastKnownFileType = sourcecode.swift; path = GameViewController.swift; sourceTree = "<group>"; };
		2EBA3BF31C4D9E16005C0D76 /* Base */ = {isa = PBXFileReference; lastKnownFileType = file.storyboard; name = Base; path = Base.lproj/Main.storyboard; sourceTree = "<group>"; };
		2EBA3BF51C4D9E16005C0D76 /* Assets.xcassets */ = {isa = PBXFileReference; lastKnownFileType = folder.assetcatalog; path = Assets.xcassets; sourceTree = "<group>"; };
		2EBA3BF81C4D9E16005C0D76 /* Base */ = {isa = PBXFileReference; lastKnownFileType = file.storyboard; name = Base; path = Base.lproj/LaunchScreen.storyboard; sourceTree = "<group>"; };
		2EBA3BFA1C4D9E16005C0D76 /* Info.plist */ = {isa = PBXFileReference; lastKnownFileType = text.plist.xml; path = Info.plist; sourceTree = "<group>"; };
		2EBA3BFF1C4D9E16005C0D76 /* Sierra ValleyTests.xctest */ = {isa = PBXFileReference; explicitFileType = wrapper.cfbundle; includeInIndex = 0; path = "Sierra ValleyTests.xctest"; sourceTree = BUILT_PRODUCTS_DIR; };
		2EBA3C031C4D9E16005C0D76 /* Sierra_ValleyTests.swift */ = {isa = PBXFileReference; lastKnownFileType = sourcecode.swift; path = Sierra_ValleyTests.swift; sourceTree = "<group>"; };
		2EBA3C051C4D9E16005C0D76 /* Info.plist */ = {isa = PBXFileReference; lastKnownFileType = text.plist.xml; path = Info.plist; sourceTree = "<group>"; };
		2EBA3C0A1C4D9E16005C0D76 /* Sierra ValleyUITests.xctest */ = {isa = PBXFileReference; explicitFileType = wrapper.cfbundle; includeInIndex = 0; path = "Sierra ValleyUITests.xctest"; sourceTree = BUILT_PRODUCTS_DIR; };
		2EBA3C0E1C4D9E16005C0D76 /* Sierra_ValleyUITests.swift */ = {isa = PBXFileReference; lastKnownFileType = sourcecode.swift; path = Sierra_ValleyUITests.swift; sourceTree = "<group>"; };
		2EBA3C101C4D9E16005C0D76 /* Info.plist */ = {isa = PBXFileReference; lastKnownFileType = text.plist.xml; path = Info.plist; sourceTree = "<group>"; };
		2EBA3C1C1C4DA9FD005C0D76 /* GradientBackgroundView.swift */ = {isa = PBXFileReference; fileEncoding = 4; lastKnownFileType = sourcecode.swift; name = GradientBackgroundView.swift; path = "Custom Views/GradientBackgroundView.swift"; sourceTree = "<group>"; };
		2EBA3C1E1C4DB588005C0D76 /* UIColor+Extensions.swift */ = {isa = PBXFileReference; fileEncoding = 4; lastKnownFileType = sourcecode.swift; name = "UIColor+Extensions.swift"; path = "Extensions/UIColor+Extensions.swift"; sourceTree = "<group>"; };
/* End PBXFileReference section */

/* Begin PBXFrameworksBuildPhase section */
		2EBA3BE41C4D9E16005C0D76 /* Frameworks */ = {
			isa = PBXFrameworksBuildPhase;
			buildActionMask = 2147483647;
			files = (
			);
			runOnlyForDeploymentPostprocessing = 0;
		};
		2EBA3BFC1C4D9E16005C0D76 /* Frameworks */ = {
			isa = PBXFrameworksBuildPhase;
			buildActionMask = 2147483647;
			files = (
			);
			runOnlyForDeploymentPostprocessing = 0;
		};
		2EBA3C071C4D9E16005C0D76 /* Frameworks */ = {
			isa = PBXFrameworksBuildPhase;
			buildActionMask = 2147483647;
			files = (
			);
			runOnlyForDeploymentPostprocessing = 0;
		};
/* End PBXFrameworksBuildPhase section */

/* Begin PBXGroup section */
		2EBA3BDE1C4D9E16005C0D76 = {
			isa = PBXGroup;
			children = (
				2EBA3BE91C4D9E16005C0D76 /* Sierra Valley */,
				2EBA3C021C4D9E16005C0D76 /* Sierra ValleyTests */,
				2EBA3C0D1C4D9E16005C0D76 /* Sierra ValleyUITests */,
				2EBA3BE81C4D9E16005C0D76 /* Products */,
			);
			sourceTree = "<group>";
		};
		2EBA3BE81C4D9E16005C0D76 /* Products */ = {
			isa = PBXGroup;
			children = (
				2EBA3BE71C4D9E16005C0D76 /* Sierra Valley.app */,
				2EBA3BFF1C4D9E16005C0D76 /* Sierra ValleyTests.xctest */,
				2EBA3C0A1C4D9E16005C0D76 /* Sierra ValleyUITests.xctest */,
			);
			name = Products;
			sourceTree = "<group>";
		};
		2EBA3BE91C4D9E16005C0D76 /* Sierra Valley */ = {
			isa = PBXGroup;
			children = (
				2EBA3BEA1C4D9E16005C0D76 /* AppDelegate.swift */,
				2EBA3BEC1C4D9E16005C0D76 /* GameScene.sks */,
				2EBA3BEE1C4D9E16005C0D76 /* GameScene.swift */,
				2EBA3BF01C4D9E16005C0D76 /* GameViewController.swift */,
				2EBA3C1C1C4DA9FD005C0D76 /* GradientBackgroundView.swift */,
				2EBA3C1E1C4DB588005C0D76 /* UIColor+Extensions.swift */,
				2EBA3BF21C4D9E16005C0D76 /* Main.storyboard */,
				2EBA3BF51C4D9E16005C0D76 /* Assets.xcassets */,
				2EBA3BF71C4D9E16005C0D76 /* LaunchScreen.storyboard */,
				2EBA3BFA1C4D9E16005C0D76 /* Info.plist */,
			);
			path = "Sierra Valley";
			sourceTree = "<group>";
		};
		2EBA3C021C4D9E16005C0D76 /* Sierra ValleyTests */ = {
			isa = PBXGroup;
			children = (
				2EBA3C031C4D9E16005C0D76 /* Sierra_ValleyTests.swift */,
				2EBA3C051C4D9E16005C0D76 /* Info.plist */,
			);
			path = "Sierra ValleyTests";
			sourceTree = "<group>";
		};
		2EBA3C0D1C4D9E16005C0D76 /* Sierra ValleyUITests */ = {
			isa = PBXGroup;
			children = (
				2EBA3C0E1C4D9E16005C0D76 /* Sierra_ValleyUITests.swift */,
				2EBA3C101C4D9E16005C0D76 /* Info.plist */,
			);
			path = "Sierra ValleyUITests";
			sourceTree = "<group>";
		};
/* End PBXGroup section */

/* Begin PBXNativeTarget section */
		2EBA3BE61C4D9E16005C0D76 /* Sierra Valley */ = {
			isa = PBXNativeTarget;
			buildConfigurationList = 2EBA3C131C4D9E16005C0D76 /* Build configuration list for PBXNativeTarget "Sierra Valley" */;
			buildPhases = (
				2EBA3BE31C4D9E16005C0D76 /* Sources */,
				2EBA3BE41C4D9E16005C0D76 /* Frameworks */,
				2EBA3BE51C4D9E16005C0D76 /* Resources */,
			);
			buildRules = (
			);
			dependencies = (
			);
			name = "Sierra Valley";
			productName = "Sierra Valley";
			productReference = 2EBA3BE71C4D9E16005C0D76 /* Sierra Valley.app */;
			productType = "com.apple.product-type.application";
		};
		2EBA3BFE1C4D9E16005C0D76 /* Sierra ValleyTests */ = {
			isa = PBXNativeTarget;
			buildConfigurationList = 2EBA3C161C4D9E16005C0D76 /* Build configuration list for PBXNativeTarget "Sierra ValleyTests" */;
			buildPhases = (
				2EBA3BFB1C4D9E16005C0D76 /* Sources */,
				2EBA3BFC1C4D9E16005C0D76 /* Frameworks */,
				2EBA3BFD1C4D9E16005C0D76 /* Resources */,
			);
			buildRules = (
			);
			dependencies = (
				2EBA3C011C4D9E16005C0D76 /* PBXTargetDependency */,
			);
			name = "Sierra ValleyTests";
			productName = "Sierra ValleyTests";
			productReference = 2EBA3BFF1C4D9E16005C0D76 /* Sierra ValleyTests.xctest */;
			productType = "com.apple.product-type.bundle.unit-test";
		};
		2EBA3C091C4D9E16005C0D76 /* Sierra ValleyUITests */ = {
			isa = PBXNativeTarget;
			buildConfigurationList = 2EBA3C191C4D9E16005C0D76 /* Build configuration list for PBXNativeTarget "Sierra ValleyUITests" */;
			buildPhases = (
				2EBA3C061C4D9E16005C0D76 /* Sources */,
				2EBA3C071C4D9E16005C0D76 /* Frameworks */,
				2EBA3C081C4D9E16005C0D76 /* Resources */,
			);
			buildRules = (
			);
			dependencies = (
				2EBA3C0C1C4D9E16005C0D76 /* PBXTargetDependency */,
			);
			name = "Sierra ValleyUITests";
			productName = "Sierra ValleyUITests";
			productReference = 2EBA3C0A1C4D9E16005C0D76 /* Sierra ValleyUITests.xctest */;
			productType = "com.apple.product-type.bundle.ui-testing";
		};
/* End PBXNativeTarget section */

/* Begin PBXProject section */
		2EBA3BDF1C4D9E16005C0D76 /* Project object */ = {
			isa = PBXProject;
			attributes = {
				LastSwiftUpdateCheck = 0720;
				LastUpgradeCheck = 0720;
				ORGANIZATIONNAME = "John Arendt";
				TargetAttributes = {
					2EBA3BE61C4D9E16005C0D76 = {
						CreatedOnToolsVersion = 7.2;
						DevelopmentTeam = 35RV9RPQY7;
					};
					2EBA3BFE1C4D9E16005C0D76 = {
						CreatedOnToolsVersion = 7.2;
						TestTargetID = 2EBA3BE61C4D9E16005C0D76;
					};
					2EBA3C091C4D9E16005C0D76 = {
						CreatedOnToolsVersion = 7.2;
						TestTargetID = 2EBA3BE61C4D9E16005C0D76;
					};
				};
			};
			buildConfigurationList = 2EBA3BE21C4D9E16005C0D76 /* Build configuration list for PBXProject "Sierra Valley" */;
			compatibilityVersion = "Xcode 3.2";
			developmentRegion = English;
			hasScannedForEncodings = 0;
			knownRegions = (
				en,
				Base,
			);
			mainGroup = 2EBA3BDE1C4D9E16005C0D76;
			productRefGroup = 2EBA3BE81C4D9E16005C0D76 /* Products */;
			projectDirPath = "";
			projectRoot = "";
			targets = (
				2EBA3BE61C4D9E16005C0D76 /* Sierra Valley */,
				2EBA3BFE1C4D9E16005C0D76 /* Sierra ValleyTests */,
				2EBA3C091C4D9E16005C0D76 /* Sierra ValleyUITests */,
			);
		};
/* End PBXProject section */

/* Begin PBXResourcesBuildPhase section */
		2EBA3BE51C4D9E16005C0D76 /* Resources */ = {
			isa = PBXResourcesBuildPhase;
			buildActionMask = 2147483647;
			files = (
				2EBA3BED1C4D9E16005C0D76 /* GameScene.sks in Resources */,
				2EBA3BF91C4D9E16005C0D76 /* LaunchScreen.storyboard in Resources */,
				2EBA3BF61C4D9E16005C0D76 /* Assets.xcassets in Resources */,
				2EBA3BF41C4D9E16005C0D76 /* Main.storyboard in Resources */,
			);
			runOnlyForDeploymentPostprocessing = 0;
		};
		2EBA3BFD1C4D9E16005C0D76 /* Resources */ = {
			isa = PBXResourcesBuildPhase;
			buildActionMask = 2147483647;
			files = (
			);
			runOnlyForDeploymentPostprocessing = 0;
		};
		2EBA3C081C4D9E16005C0D76 /* Resources */ = {
			isa = PBXResourcesBuildPhase;
			buildActionMask = 2147483647;
			files = (
			);
			runOnlyForDeploymentPostprocessing = 0;
		};
/* End PBXResourcesBuildPhase section */

/* Begin PBXSourcesBuildPhase section */
		2EBA3BE31C4D9E16005C0D76 /* Sources */ = {
			isa = PBXSourcesBuildPhase;
			buildActionMask = 2147483647;
			files = (
				2EBA3C1D1C4DA9FD005C0D76 /* GradientBackgroundView.swift in Sources */,
				2EBA3C1F1C4DB588005C0D76 /* UIColor+Extensions.swift in Sources */,
				2EBA3BEF1C4D9E16005C0D76 /* GameScene.swift in Sources */,
				2EBA3BF11C4D9E16005C0D76 /* GameViewController.swift in Sources */,
				2EBA3BEB1C4D9E16005C0D76 /* AppDelegate.swift in Sources */,
			);
			runOnlyForDeploymentPostprocessing = 0;
		};
		2EBA3BFB1C4D9E16005C0D76 /* Sources */ = {
			isa = PBXSourcesBuildPhase;
			buildActionMask = 2147483647;
			files = (
				2EBA3C041C4D9E16005C0D76 /* Sierra_ValleyTests.swift in Sources */,
			);
			runOnlyForDeploymentPostprocessing = 0;
		};
		2EBA3C061C4D9E16005C0D76 /* Sources */ = {
			isa = PBXSourcesBuildPhase;
			buildActionMask = 2147483647;
			files = (
				2EBA3C0F1C4D9E16005C0D76 /* Sierra_ValleyUITests.swift in Sources */,
			);
			runOnlyForDeploymentPostprocessing = 0;
		};
/* End PBXSourcesBuildPhase section */

/* Begin PBXTargetDependency section */
		2EBA3C011C4D9E16005C0D76 /* PBXTargetDependency */ = {
			isa = PBXTargetDependency;
			target = 2EBA3BE61C4D9E16005C0D76 /* Sierra Valley */;
			targetProxy = 2EBA3C001C4D9E16005C0D76 /* PBXContainerItemProxy */;
		};
		2EBA3C0C1C4D9E16005C0D76 /* PBXTargetDependency */ = {
			isa = PBXTargetDependency;
			target = 2EBA3BE61C4D9E16005C0D76 /* Sierra Valley */;
			targetProxy = 2EBA3C0B1C4D9E16005C0D76 /* PBXContainerItemProxy */;
		};
/* End PBXTargetDependency section */

/* Begin PBXVariantGroup section */
		2EBA3BF21C4D9E16005C0D76 /* Main.storyboard */ = {
			isa = PBXVariantGroup;
			children = (
				2EBA3BF31C4D9E16005C0D76 /* Base */,
			);
			name = Main.storyboard;
			sourceTree = "<group>";
		};
		2EBA3BF71C4D9E16005C0D76 /* LaunchScreen.storyboard */ = {
			isa = PBXVariantGroup;
			children = (
				2EBA3BF81C4D9E16005C0D76 /* Base */,
			);
			name = LaunchScreen.storyboard;
			sourceTree = "<group>";
		};
/* End PBXVariantGroup section */

/* Begin XCBuildConfiguration section */
		2EBA3C111C4D9E16005C0D76 /* Debug */ = {
			isa = XCBuildConfiguration;
			buildSettings = {
				ALWAYS_SEARCH_USER_PATHS = NO;
				CLANG_CXX_LANGUAGE_STANDARD = "gnu++0x";
				CLANG_CXX_LIBRARY = "libc++";
				CLANG_ENABLE_MODULES = YES;
				CLANG_ENABLE_OBJC_ARC = YES;
				CLANG_WARN_BOOL_CONVERSION = YES;
				CLANG_WARN_CONSTANT_CONVERSION = YES;
				CLANG_WARN_DIRECT_OBJC_ISA_USAGE = YES_ERROR;
				CLANG_WARN_EMPTY_BODY = YES;
				CLANG_WARN_ENUM_CONVERSION = YES;
				CLANG_WARN_INT_CONVERSION = YES;
				CLANG_WARN_OBJC_ROOT_CLASS = YES_ERROR;
				CLANG_WARN_UNREACHABLE_CODE = YES;
				CLANG_WARN__DUPLICATE_METHOD_MATCH = YES;
				"CODE_SIGN_IDENTITY[sdk=iphoneos*]" = "iPhone Developer";
				COPY_PHASE_STRIP = NO;
				DEBUG_INFORMATION_FORMAT = "dwarf-with-dsym";
				ENABLE_STRICT_OBJC_MSGSEND = YES;
				ENABLE_TESTABILITY = YES;
				GCC_C_LANGUAGE_STANDARD = gnu99;
				GCC_DYNAMIC_NO_PIC = NO;
				GCC_NO_COMMON_BLOCKS = YES;
				GCC_OPTIMIZATION_LEVEL = 0;
				GCC_PREPROCESSOR_DEFINITIONS = (
					"DEBUG=1",
					"$(inherited)",
				);
				GCC_WARN_64_TO_32_BIT_CONVERSION = YES;
				GCC_WARN_ABOUT_RETURN_TYPE = YES_ERROR;
				GCC_WARN_UNDECLARED_SELECTOR = YES;
				GCC_WARN_UNINITIALIZED_AUTOS = YES_AGGRESSIVE;
				GCC_WARN_UNUSED_FUNCTION = YES;
				GCC_WARN_UNUSED_VARIABLE = YES;
				IPHONEOS_DEPLOYMENT_TARGET = 9.2;
				MTL_ENABLE_DEBUG_INFO = YES;
				ONLY_ACTIVE_ARCH = YES;
				SDKROOT = iphoneos;
				SWIFT_OPTIMIZATION_LEVEL = "-Onone";
			};
			name = Debug;
		};
		2EBA3C121C4D9E16005C0D76 /* Release */ = {
			isa = XCBuildConfiguration;
			buildSettings = {
				ALWAYS_SEARCH_USER_PATHS = NO;
				CLANG_CXX_LANGUAGE_STANDARD = "gnu++0x";
				CLANG_CXX_LIBRARY = "libc++";
				CLANG_ENABLE_MODULES = YES;
				CLANG_ENABLE_OBJC_ARC = YES;
				CLANG_WARN_BOOL_CONVERSION = YES;
				CLANG_WARN_CONSTANT_CONVERSION = YES;
				CLANG_WARN_DIRECT_OBJC_ISA_USAGE = YES_ERROR;
				CLANG_WARN_EMPTY_BODY = YES;
				CLANG_WARN_ENUM_CONVERSION = YES;
				CLANG_WARN_INT_CONVERSION = YES;
				CLANG_WARN_OBJC_ROOT_CLASS = YES_ERROR;
				CLANG_WARN_UNREACHABLE_CODE = YES;
				CLANG_WARN__DUPLICATE_METHOD_MATCH = YES;
				"CODE_SIGN_IDENTITY[sdk=iphoneos*]" = "iPhone Developer";
				COPY_PHASE_STRIP = NO;
				DEBUG_INFORMATION_FORMAT = "dwarf-with-dsym";
				ENABLE_NS_ASSERTIONS = NO;
				ENABLE_STRICT_OBJC_MSGSEND = YES;
				GCC_C_LANGUAGE_STANDARD = gnu99;
				GCC_NO_COMMON_BLOCKS = YES;
				GCC_WARN_64_TO_32_BIT_CONVERSION = YES;
				GCC_WARN_ABOUT_RETURN_TYPE = YES_ERROR;
				GCC_WARN_UNDECLARED_SELECTOR = YES;
				GCC_WARN_UNINITIALIZED_AUTOS = YES_AGGRESSIVE;
				GCC_WARN_UNUSED_FUNCTION = YES;
				GCC_WARN_UNUSED_VARIABLE = YES;
				IPHONEOS_DEPLOYMENT_TARGET = 9.2;
				MTL_ENABLE_DEBUG_INFO = NO;
				SDKROOT = iphoneos;
				VALIDATE_PRODUCT = YES;
			};
			name = Release;
		};
		2EBA3C141C4D9E16005C0D76 /* Debug */ = {
			isa = XCBuildConfiguration;
			buildSettings = {
				ASSETCATALOG_COMPILER_APPICON_NAME = AppIcon;
				CODE_SIGN_IDENTITY = "iPhone Developer";
				INFOPLIST_FILE = "Sierra Valley/Info.plist";
				IPHONEOS_DEPLOYMENT_TARGET = 8.2;
				LD_RUNPATH_SEARCH_PATHS = "$(inherited) @executable_path/Frameworks";
				PRODUCT_BUNDLE_IDENTIFIER = "com.johnarendt.sierra-valley";
				PRODUCT_NAME = "$(TARGET_NAME)";
				TARGETED_DEVICE_FAMILY = 1;
			};
			name = Debug;
		};
		2EBA3C151C4D9E16005C0D76 /* Release */ = {
			isa = XCBuildConfiguration;
			buildSettings = {
				ASSETCATALOG_COMPILER_APPICON_NAME = AppIcon;
				CODE_SIGN_IDENTITY = "iPhone Developer";
				INFOPLIST_FILE = "Sierra Valley/Info.plist";
				IPHONEOS_DEPLOYMENT_TARGET = 8.2;
				LD_RUNPATH_SEARCH_PATHS = "$(inherited) @executable_path/Frameworks";
				PRODUCT_BUNDLE_IDENTIFIER = "com.johnarendt.sierra-valley";
				PRODUCT_NAME = "$(TARGET_NAME)";
				TARGETED_DEVICE_FAMILY = 1;
			};
			name = Release;
		};
		2EBA3C171C4D9E16005C0D76 /* Debug */ = {
			isa = XCBuildConfiguration;
			buildSettings = {
				BUNDLE_LOADER = "$(TEST_HOST)";
				DEBUG_INFORMATION_FORMAT = dwarf;
				INFOPLIST_FILE = "Sierra ValleyTests/Info.plist";
				LD_RUNPATH_SEARCH_PATHS = "$(inherited) @executable_path/Frameworks @loader_path/Frameworks";
				PRODUCT_BUNDLE_IDENTIFIER = "com.JohnArendt.Sierra-ValleyTests";
				PRODUCT_NAME = "$(TARGET_NAME)";
				TEST_HOST = "$(BUILT_PRODUCTS_DIR)/Sierra Valley.app/Sierra Valley";
			};
			name = Debug;
		};
		2EBA3C181C4D9E16005C0D76 /* Release */ = {
			isa = XCBuildConfiguration;
			buildSettings = {
				BUNDLE_LOADER = "$(TEST_HOST)";
				INFOPLIST_FILE = "Sierra ValleyTests/Info.plist";
				LD_RUNPATH_SEARCH_PATHS = "$(inherited) @executable_path/Frameworks @loader_path/Frameworks";
				PRODUCT_BUNDLE_IDENTIFIER = "com.JohnArendt.Sierra-ValleyTests";
				PRODUCT_NAME = "$(TARGET_NAME)";
				TEST_HOST = "$(BUILT_PRODUCTS_DIR)/Sierra Valley.app/Sierra Valley";
			};
			name = Release;
		};
		2EBA3C1A1C4D9E16005C0D76 /* Debug */ = {
			isa = XCBuildConfiguration;
			buildSettings = {
				DEBUG_INFORMATION_FORMAT = dwarf;
				INFOPLIST_FILE = "Sierra ValleyUITests/Info.plist";
				LD_RUNPATH_SEARCH_PATHS = "$(inherited) @executable_path/Frameworks @loader_path/Frameworks";
				PRODUCT_BUNDLE_IDENTIFIER = "com.JohnArendt.Sierra-ValleyUITests";
				PRODUCT_NAME = "$(TARGET_NAME)";
				TEST_TARGET_NAME = "Sierra Valley";
				USES_XCTRUNNER = YES;
			};
			name = Debug;
		};
		2EBA3C1B1C4D9E16005C0D76 /* Release */ = {
			isa = XCBuildConfiguration;
			buildSettings = {
				INFOPLIST_FILE = "Sierra ValleyUITests/Info.plist";
				LD_RUNPATH_SEARCH_PATHS = "$(inherited) @executable_path/Frameworks @loader_path/Frameworks";
				PRODUCT_BUNDLE_IDENTIFIER = "com.JohnArendt.Sierra-ValleyUITests";
				PRODUCT_NAME = "$(TARGET_NAME)";
				TEST_TARGET_NAME = "Sierra Valley";
				USES_XCTRUNNER = YES;
			};
			name = Release;
		};
/* End XCBuildConfiguration section */

/* Begin XCConfigurationList section */
		2EBA3BE21C4D9E16005C0D76 /* Build configuration list for PBXProject "Sierra Valley" */ = {
			isa = XCConfigurationList;
			buildConfigurations = (
				2EBA3C111C4D9E16005C0D76 /* Debug */,
				2EBA3C121C4D9E16005C0D76 /* Release */,
			);
			defaultConfigurationIsVisible = 0;
			defaultConfigurationName = Release;
		};
		2EBA3C131C4D9E16005C0D76 /* Build configuration list for PBXNativeTarget "Sierra Valley" */ = {
			isa = XCConfigurationList;
			buildConfigurations = (
				2EBA3C141C4D9E16005C0D76 /* Debug */,
				2EBA3C151C4D9E16005C0D76 /* Release */,
			);
			defaultConfigurationIsVisible = 0;
			defaultConfigurationName = Release;
		};
		2EBA3C161C4D9E16005C0D76 /* Build configuration list for PBXNativeTarget "Sierra ValleyTests" */ = {
			isa = XCConfigurationList;
			buildConfigurations = (
				2EBA3C171C4D9E16005C0D76 /* Debug */,
				2EBA3C181C4D9E16005C0D76 /* Release */,
			);
			defaultConfigurationIsVisible = 0;
			defaultConfigurationName = Release;
		};
		2EBA3C191C4D9E16005C0D76 /* Build configuration list for PBXNativeTarget "Sierra ValleyUITests" */ = {
			isa = XCConfigurationList;
			buildConfigurations = (
				2EBA3C1A1C4D9E16005C0D76 /* Debug */,
				2EBA3C1B1C4D9E16005C0D76 /* Release */,
			);
			defaultConfigurationIsVisible = 0;
			defaultConfigurationName = Release;
		};
/* End XCConfigurationList section */
	};
	rootObject = 2EBA3BDF1C4D9E16005C0D76 /* Project object */;
}
